
Microsoft Visual Studio Solution File, Format Version 12.00
# Visual Studio 15
VisualStudioVersion = 15.0.27428.2027
MinimumVisualStudioVersion = 10.0.40219.1
Project("{9A19103F-16F7-4668-BE54-9A1E7A4F7556}") = "ConsoleApp", "ConsoleApp\ConsoleApp.csproj", "{CCFFF595-904F-4C24-828C-327E5546338D}"
EndProject
Global
	GlobalSection(SolutionConfigurationPlatforms) = preSolution
		Debug|Any CPU = Debug|Any CPU
		Release|Any CPU = Release|Any CPU
	EndGlobalSection
	GlobalSection(ProjectConfigurationPlatforms) = postSolution
		{CCFFF595-904F-4C24-828C-327E5546338D}.Debug|Any CPU.ActiveCfg = Debug|Any CPU
		{CCFFF595-904F-4C24-828C-327E5546338D}.Debug|Any CPU.Build.0 = Debug|Any CPU
		{CCFFF595-904F-4C24-828C-327E5546338D}.Release|Any CPU.ActiveCfg = Release|Any CPU
		{CCFFF595-904F-4C24-828C-327E5546338D}.Release|Any CPU.Build.0 = Release|Any CPU
	EndGlobalSection
	GlobalSection(SolutionProperties) = preSolution
		HideSolutionNode = FALSE
	EndGlobalSection
	GlobalSection(ExtensibilityGlobals) = postSolution
		SolutionGuid = {1729C016-4E66-4796-A2A3-602B28E47C8F}
	EndGlobalSection
EndGlobal
